// !$*UTF8*$!
{
	archiveVersion = 1;
	classes = {
	};
	objectVersion = 46;
	objects = {

/* Begin PBXBuildFile section */
		C0CC8B791968323500870423 /* Foundation.framework in Frameworks */ = {isa = PBXBuildFile; fileRef = C0CC8B781968323500870423 /* Foundation.framework */; };
		C0CC8B7B1968323500870423 /* CoreGraphics.framework in Frameworks */ = {isa = PBXBuildFile; fileRef = C0CC8B7A1968323500870423 /* CoreGraphics.framework */; };
		C0CC8B7D1968323500870423 /* UIKit.framework in Frameworks */ = {isa = PBXBuildFile; fileRef = C0CC8B7C1968323500870423 /* UIKit.framework */; };
		C0CC8B831968323500870423 /* InfoPlist.strings in Resources */ = {isa = PBXBuildFile; fileRef = C0CC8B811968323500870423 /* InfoPlist.strings */; };
		C0CC8B851968323500870423 /* main.m in Sources */ = {isa = PBXBuildFile; fileRef = C0CC8B841968323500870423 /* main.m */; };
		C0CC8B891968323500870423 /* AppDelegate.m in Sources */ = {isa = PBXBuildFile; fileRef = C0CC8B881968323500870423 /* AppDelegate.m */; };
		C0CC8B8B1968323500870423 /* Images.xcassets in Resources */ = {isa = PBXBuildFile; fileRef = C0CC8B8A1968323500870423 /* Images.xcassets */; };
		C0CC8B921968323500870423 /* XCTest.framework in Frameworks */ = {isa = PBXBuildFile; fileRef = C0CC8B911968323500870423 /* XCTest.framework */; };
		C0CC8B931968323500870423 /* Foundation.framework in Frameworks */ = {isa = PBXBuildFile; fileRef = C0CC8B781968323500870423 /* Foundation.framework */; };
		C0CC8B941968323500870423 /* UIKit.framework in Frameworks */ = {isa = PBXBuildFile; fileRef = C0CC8B7C1968323500870423 /* UIKit.framework */; };
		C0CC8B9C1968323500870423 /* InfoPlist.strings in Resources */ = {isa = PBXBuildFile; fileRef = C0CC8B9A1968323500870423 /* InfoPlist.strings */; };
		C0CC8B9E1968323500870423 /* AutoLayoutDemoTests.m in Sources */ = {isa = PBXBuildFile; fileRef = C0CC8B9D1968323500870423 /* AutoLayoutDemoTests.m */; };
		C0CC8BA81968325C00870423 /* LoginView.xib in Resources */ = {isa = PBXBuildFile; fileRef = C0CC8BA71968325C00870423 /* LoginView.xib */; };
		C0CC8BAB19684D7A00870423 /* LoginView.m in Sources */ = {isa = PBXBuildFile; fileRef = C0CC8BAA19684D7A00870423 /* LoginView.m */; };
		C0CC8BAE1968514200870423 /* LoginViewController.m in Sources */ = {isa = PBXBuildFile; fileRef = C0CC8BAD1968514200870423 /* LoginViewController.m */; };
/* End PBXBuildFile section */

/* Begin PBXContainerItemProxy section */
		C0CC8B951968323500870423 /* PBXContainerItemProxy */ = {
			isa = PBXContainerItemProxy;
			containerPortal = C0CC8B6D1968323500870423 /* Project object */;
			proxyType = 1;
			remoteGlobalIDString = C0CC8B741968323500870423;
			remoteInfo = AutoLayoutDemo;
		};
/* End PBXContainerItemProxy section */

/* Begin PBXFileReference section */
		C0CC8B751968323500870423 /* AutoLayoutDemo.app */ = {isa = PBXFileReference; explicitFileType = wrapper.application; includeInIndex = 0; path = AutoLayoutDemo.app; sourceTree = BUILT_PRODUCTS_DIR; };
		C0CC8B781968323500870423 /* Foundation.framework */ = {isa = PBXFileReference; lastKnownFileType = wrapper.framework; name = Foundation.framework; path = System/Library/Frameworks/Foundation.framework; sourceTree = SDKROOT; };
		C0CC8B7A1968323500870423 /* CoreGraphics.framework */ = {isa = PBXFileReference; lastKnownFileType = wrapper.framework; name = CoreGraphics.framework; path = System/Library/Frameworks/CoreGraphics.framework; sourceTree = SDKROOT; };
		C0CC8B7C1968323500870423 /* UIKit.framework */ = {isa = PBXFileReference; lastKnownFileType = wrapper.framework; name = UIKit.framework; path = System/Library/Frameworks/UIKit.framework; sourceTree = SDKROOT; };
		C0CC8B801968323500870423 /* AutoLayoutDemo-Info.plist */ = {isa = PBXFileReference; lastKnownFileType = text.plist.xml; path = "AutoLayoutDemo-Info.plist"; sourceTree = "<group>"; };
		C0CC8B821968323500870423 /* en */ = {isa = PBXFileReference; lastKnownFileType = text.plist.strings; name = en; path = en.lproj/InfoPlist.strings; sourceTree = "<group>"; };
		C0CC8B841968323500870423 /* main.m */ = {isa = PBXFileReference; lastKnownFileType = sourcecode.c.objc; path = main.m; sourceTree = "<group>"; };
		C0CC8B861968323500870423 /* AutoLayoutDemo-Prefix.pch */ = {isa = PBXFileReference; lastKnownFileType = sourcecode.c.h; path = "AutoLayoutDemo-Prefix.pch"; sourceTree = "<group>"; };
		C0CC8B871968323500870423 /* AppDelegate.h */ = {isa = PBXFileReference; lastKnownFileType = sourcecode.c.h; path = AppDelegate.h; sourceTree = "<group>"; };
		C0CC8B881968323500870423 /* AppDelegate.m */ = {isa = PBXFileReference; lastKnownFileType = sourcecode.c.objc; path = AppDelegate.m; sourceTree = "<group>"; };
		C0CC8B8A1968323500870423 /* Images.xcassets */ = {isa = PBXFileReference; lastKnownFileType = folder.assetcatalog; path = Images.xcassets; sourceTree = "<group>"; };
		C0CC8B901968323500870423 /* AutoLayoutDemoTests.xctest */ = {isa = PBXFileReference; explicitFileType = wrapper.cfbundle; includeInIndex = 0; path = AutoLayoutDemoTests.xctest; sourceTree = BUILT_PRODUCTS_DIR; };
		C0CC8B911968323500870423 /* XCTest.framework */ = {isa = PBXFileReference; lastKnownFileType = wrapper.framework; name = XCTest.framework; path = Library/Frameworks/XCTest.framework; sourceTree = DEVELOPER_DIR; };
		C0CC8B991968323500870423 /* AutoLayoutDemoTests-Info.plist */ = {isa = PBXFileReference; lastKnownFileType = text.plist.xml; path = "AutoLayoutDemoTests-Info.plist"; sourceTree = "<group>"; };
		C0CC8B9B1968323500870423 /* en */ = {isa = PBXFileReference; lastKnownFileType = text.plist.strings; name = en; path = en.lproj/InfoPlist.strings; sourceTree = "<group>"; };
		C0CC8B9D1968323500870423 /* AutoLayoutDemoTests.m */ = {isa = PBXFileReference; lastKnownFileType = sourcecode.c.objc; path = AutoLayoutDemoTests.m; sourceTree = "<group>"; };
		C0CC8BA71968325C00870423 /* LoginView.xib */ = {isa = PBXFileReference; fileEncoding = 4; lastKnownFileType = file.xib; path = LoginView.xib; sourceTree = "<group>"; };
		C0CC8BA919684D7A00870423 /* LoginView.h */ = {isa = PBXFileReference; fileEncoding = 4; lastKnownFileType = sourcecode.c.h; path = LoginView.h; sourceTree = "<group>"; };
		C0CC8BAA19684D7A00870423 /* LoginView.m */ = {isa = PBXFileReference; fileEncoding = 4; lastKnownFileType = sourcecode.c.objc; path = LoginView.m; sourceTree = "<group>"; };
		C0CC8BAC1968514200870423 /* LoginViewController.h */ = {isa = PBXFileReference; fileEncoding = 4; lastKnownFileType = sourcecode.c.h; path = LoginViewController.h; sourceTree = "<group>"; };
		C0CC8BAD1968514200870423 /* LoginViewController.m */ = {isa = PBXFileReference; fileEncoding = 4; lastKnownFileType = sourcecode.c.objc; path = LoginViewController.m; sourceTree = "<group>"; };
/* End PBXFileReference section */

/* Begin PBXFrameworksBuildPhase section */
		C0CC8B721968323500870423 /* Frameworks */ = {
			isa = PBXFrameworksBuildPhase;
			buildActionMask = 2147483647;
			files = (
				C0CC8B7B1968323500870423 /* CoreGraphics.framework in Frameworks */,
				C0CC8B7D1968323500870423 /* UIKit.framework in Frameworks */,
				C0CC8B791968323500870423 /* Foundation.framework in Frameworks */,
			);
			runOnlyForDeploymentPostprocessing = 0;
		};
		C0CC8B8D1968323500870423 /* Frameworks */ = {
			isa = PBXFrameworksBuildPhase;
			buildActionMask = 2147483647;
			files = (
				C0CC8B921968323500870423 /* XCTest.framework in Frameworks */,
				C0CC8B941968323500870423 /* UIKit.framework in Frameworks */,
				C0CC8B931968323500870423 /* Foundation.framework in Frameworks */,
			);
			runOnlyForDeploymentPostprocessing = 0;
		};
/* End PBXFrameworksBuildPhase section */

/* Begin PBXGroup section */
		C0CC8B6C1968323500870423 = {
			isa = PBXGroup;
			children = (
				C0CC8B7E1968323500870423 /* AutoLayoutDemo */,
				C0CC8B971968323500870423 /* AutoLayoutDemoTests */,
				C0CC8B771968323500870423 /* Frameworks */,
				C0CC8B761968323500870423 /* Products */,
			);
			sourceTree = "<group>";
		};
		C0CC8B761968323500870423 /* Products */ = {
			isa = PBXGroup;
			children = (
				C0CC8B751968323500870423 /* AutoLayoutDemo.app */,
				C0CC8B901968323500870423 /* AutoLayoutDemoTests.xctest */,
			);
			name = Products;
			sourceTree = "<group>";
		};
		C0CC8B771968323500870423 /* Frameworks */ = {
			isa = PBXGroup;
			children = (
				C0CC8B781968323500870423 /* Foundation.framework */,
				C0CC8B7A1968323500870423 /* CoreGraphics.framework */,
				C0CC8B7C1968323500870423 /* UIKit.framework */,
				C0CC8B911968323500870423 /* XCTest.framework */,
			);
			name = Frameworks;
			sourceTree = "<group>";
		};
		C0CC8B7E1968323500870423 /* AutoLayoutDemo */ = {
			isa = PBXGroup;
			children = (
				C0CC8B871968323500870423 /* AppDelegate.h */,
				C0CC8B881968323500870423 /* AppDelegate.m */,
				C0CC8B8A1968323500870423 /* Images.xcassets */,
				C0CC8B7F1968323500870423 /* Supporting Files */,
				C0CC8BA71968325C00870423 /* LoginView.xib */,
				C0CC8BA919684D7A00870423 /* LoginView.h */,
				C0CC8BAA19684D7A00870423 /* LoginView.m */,
				C0CC8BAC1968514200870423 /* LoginViewController.h */,
				C0CC8BAD1968514200870423 /* LoginViewController.m */,
			);
			path = AutoLayoutDemo;
			sourceTree = "<group>";
		};
		C0CC8B7F1968323500870423 /* Supporting Files */ = {
			isa = PBXGroup;
			children = (
				C0CC8B801968323500870423 /* AutoLayoutDemo-Info.plist */,
				C0CC8B811968323500870423 /* InfoPlist.strings */,
				C0CC8B841968323500870423 /* main.m */,
				C0CC8B861968323500870423 /* AutoLayoutDemo-Prefix.pch */,
			);
			name = "Supporting Files";
			sourceTree = "<group>";
		};
		C0CC8B971968323500870423 /* AutoLayoutDemoTests */ = {
			isa = PBXGroup;
			children = (
				C0CC8B9D1968323500870423 /* AutoLayoutDemoTests.m */,
				C0CC8B981968323500870423 /* Supporting Files */,
			);
			path = AutoLayoutDemoTests;
			sourceTree = "<group>";
		};
		C0CC8B981968323500870423 /* Supporting Files */ = {
			isa = PBXGroup;
			children = (
				C0CC8B991968323500870423 /* AutoLayoutDemoTests-Info.plist */,
				C0CC8B9A1968323500870423 /* InfoPlist.strings */,
			);
			name = "Supporting Files";
			sourceTree = "<group>";
		};
/* End PBXGroup section */

/* Begin PBXNativeTarget section */
		C0CC8B741968323500870423 /* AutoLayoutDemo */ = {
			isa = PBXNativeTarget;
			buildConfigurationList = C0CC8BA11968323500870423 /* Build configuration list for PBXNativeTarget "AutoLayoutDemo" */;
			buildPhases = (
				C0CC8B711968323500870423 /* Sources */,
				C0CC8B721968323500870423 /* Frameworks */,
				C0CC8B731968323500870423 /* Resources */,
			);
			buildRules = (
			);
			dependencies = (
			);
			name = AutoLayoutDemo;
			productName = AutoLayoutDemo;
			productReference = C0CC8B751968323500870423 /* AutoLayoutDemo.app */;
			productType = "com.apple.product-type.application";
		};
		C0CC8B8F1968323500870423 /* AutoLayoutDemoTests */ = {
			isa = PBXNativeTarget;
			buildConfigurationList = C0CC8BA41968323500870423 /* Build configuration list for PBXNativeTarget "AutoLayoutDemoTests" */;
			buildPhases = (
				C0CC8B8C1968323500870423 /* Sources */,
				C0CC8B8D1968323500870423 /* Frameworks */,
				C0CC8B8E1968323500870423 /* Resources */,
			);
			buildRules = (
			);
			dependencies = (
				C0CC8B961968323500870423 /* PBXTargetDependency */,
			);
			name = AutoLayoutDemoTests;
			productName = AutoLayoutDemoTests;
			productReference = C0CC8B901968323500870423 /* AutoLayoutDemoTests.xctest */;
			productType = "com.apple.product-type.bundle.unit-test";
		};
/* End PBXNativeTarget section */

/* Begin PBXProject section */
		C0CC8B6D1968323500870423 /* Project object */ = {
			isa = PBXProject;
			attributes = {
				LastUpgradeCheck = 0510;
				ORGANIZATIONNAME = Shinancao;
				TargetAttributes = {
					C0CC8B8F1968323500870423 = {
						TestTargetID = C0CC8B741968323500870423;
					};
				};
			};
			buildConfigurationList = C0CC8B701968323500870423 /* Build configuration list for PBXProject "AutoLayoutDemo" */;
			compatibilityVersion = "Xcode 3.2";
			developmentRegion = English;
			hasScannedForEncodings = 0;
			knownRegions = (
				en,
			);
			mainGroup = C0CC8B6C1968323500870423;
			productRefGroup = C0CC8B761968323500870423 /* Products */;
			projectDirPath = "";
			projectRoot = "";
			targets = (
				C0CC8B741968323500870423 /* AutoLayoutDemo */,
				C0CC8B8F1968323500870423 /* AutoLayoutDemoTests */,
			);
		};
/* End PBXProject section */

/* Begin PBXResourcesBuildPhase section */
		C0CC8B731968323500870423 /* Resources */ = {
			isa = PBXResourcesBuildPhase;
			buildActionMask = 2147483647;
			files = (
				C0CC8B831968323500870423 /* InfoPlist.strings in Resources */,
				C0CC8B8B1968323500870423 /* Images.xcassets in Resources */,
				C0CC8BA81968325C00870423 /* LoginView.xib in Resources */,
			);
			runOnlyForDeploymentPostprocessing = 0;
		};
		C0CC8B8E1968323500870423 /* Resources */ = {
			isa = PBXResourcesBuildPhase;
			buildActionMask = 2147483647;
			files = (
				C0CC8B9C1968323500870423 /* InfoPlist.strings in Resources */,
			);
			runOnlyForDeploymentPostprocessing = 0;
		};
/* End PBXResourcesBuildPhase section */

/* Begin PBXSourcesBuildPhase section */
		C0CC8B711968323500870423 /* Sources */ = {
			isa = PBXSourcesBuildPhase;
			buildActionMask = 2147483647;
			files = (
				C0CC8BAE1968514200870423 /* LoginViewController.m in Sources */,
				C0CC8BAB19684D7A00870423 /* LoginView.m in Sources */,
				C0CC8B891968323500870423 /* AppDelegate.m in Sources */,
				C0CC8B851968323500870423 /* main.m in Sources */,
			);
			runOnlyForDeploymentPostprocessing = 0;
		};
		C0CC8B8C1968323500870423 /* Sources */ = {
			isa = PBXSourcesBuildPhase;
			buildActionMask = 2147483647;
			files = (
				C0CC8B9E1968323500870423 /* AutoLayoutDemoTests.m in Sources */,
			);
			runOnlyForDeploymentPostprocessing = 0;
		};
/* End PBXSourcesBuildPhase section */

/* Begin PBXTargetDependency section */
		C0CC8B961968323500870423 /* PBXTargetDependency */ = {
			isa = PBXTargetDependency;
			target = C0CC8B741968323500870423 /* AutoLayoutDemo */;
			targetProxy = C0CC8B951968323500870423 /* PBXContainerItemProxy */;
		};
/* End PBXTargetDependency section */

/* Begin PBXVariantGroup section */
		C0CC8B811968323500870423 /* InfoPlist.strings */ = {
			isa = PBXVariantGroup;
			children = (
				C0CC8B821968323500870423 /* en */,
			);
			name = InfoPlist.strings;
			sourceTree = "<group>";
		};
		C0CC8B9A1968323500870423 /* InfoPlist.strings */ = {
			isa = PBXVariantGroup;
			children = (
				C0CC8B9B1968323500870423 /* en */,
			);
			name = InfoPlist.strings;
			sourceTree = "<group>";
		};
/* End PBXVariantGroup section */

/* Begin XCBuildConfiguration section */
		C0CC8B9F1968323500870423 /* Debug */ = {
			isa = XCBuildConfiguration;
			buildSettings = {
				ALWAYS_SEARCH_USER_PATHS = NO;
				CLANG_CXX_LANGUAGE_STANDARD = "gnu++0x";
				CLANG_CXX_LIBRARY = "libc++";
				CLANG_ENABLE_MODULES = YES;
				CLANG_ENABLE_OBJC_ARC = YES;
				CLANG_WARN_BOOL_CONVERSION = YES;
				CLANG_WARN_CONSTANT_CONVERSION = YES;
				CLANG_WARN_DIRECT_OBJC_ISA_USAGE = YES_ERROR;
				CLANG_WARN_EMPTY_BODY = YES;
				CLANG_WARN_ENUM_CONVERSION = YES;
				CLANG_WARN_INT_CONVERSION = YES;
				CLANG_WARN_OBJC_ROOT_CLASS = YES_ERROR;
				CLANG_WARN__DUPLICATE_METHOD_MATCH = YES;
				"CODE_SIGN_IDENTITY[sdk=iphoneos*]" = "iPhone Developer";
				COPY_PHASE_STRIP = NO;
				GCC_C_LANGUAGE_STANDARD = gnu99;
				GCC_DYNAMIC_NO_PIC = NO;
				GCC_OPTIMIZATION_LEVEL = 0;
				GCC_PREPROCESSOR_DEFINITIONS = (
					"DEBUG=1",
					"$(inherited)",
				);
				GCC_SYMBOLS_PRIVATE_EXTERN = NO;
				GCC_WARN_64_TO_32_BIT_CONVERSION = YES;
				GCC_WARN_ABOUT_RETURN_TYPE = YES_ERROR;
				GCC_WARN_UNDECLARED_SELECTOR = YES;
				GCC_WARN_UNINITIALIZED_AUTOS = YES_AGGRESSIVE;
				GCC_WARN_UNUSED_FUNCTION = YES;
				GCC_WARN_UNUSED_VARIABLE = YES;
				IPHONEOS_DEPLOYMENT_TARGET = 7.1;
				ONLY_ACTIVE_ARCH = YES;
				SDKROOT = iphoneos;
			};
			name = Debug;
		};
		C0CC8BA01968323500870423 /* Release */ = {
			isa = XCBuildConfiguration;
			buildSettings = {
				ALWAYS_SEARCH_USER_PATHS = NO;
				CLANG_CXX_LANGUAGE_STANDARD = "gnu++0x";
				CLANG_CXX_LIBRARY = "libc++";
				CLANG_ENABLE_MODULES = YES;
				CLANG_ENABLE_OBJC_ARC = YES;
				CLANG_WARN_BOOL_CONVERSION = YES;
				CLANG_WARN_CONSTANT_CONVERSION = YES;
				CLANG_WARN_DIRECT_OBJC_ISA_USAGE = YES_ERROR;
				CLANG_WARN_EMPTY_BODY = YES;
				CLANG_WARN_ENUM_CONVERSION = YES;
				CLANG_WARN_INT_CONVERSION = YES;
				CLANG_WARN_OBJC_ROOT_CLASS = YES_ERROR;
				CLANG_WARN__DUPLICATE_METHOD_MATCH = YES;
				"CODE_SIGN_IDENTITY[sdk=iphoneos*]" = "iPhone Developer";
				COPY_PHASE_STRIP = YES;
				ENABLE_NS_ASSERTIONS = NO;
				GCC_C_LANGUAGE_STANDARD = gnu99;
				GCC_WARN_64_TO_32_BIT_CONVERSION = YES;
				GCC_WARN_ABOUT_RETURN_TYPE = YES_ERROR;
				GCC_WARN_UNDECLARED_SELECTOR = YES;
				GCC_WARN_UNINITIALIZED_AUTOS = YES_AGGRESSIVE;
				GCC_WARN_UNUSED_FUNCTION = YES;
				GCC_WARN_UNUSED_VARIABLE = YES;
				IPHONEOS_DEPLOYMENT_TARGET = 7.1;
				SDKROOT = iphoneos;
				VALIDATE_PRODUCT = YES;
			};
			name = Release;
		};
		C0CC8BA21968323500870423 /* Debug */ = {
			isa = XCBuildConfiguration;
			buildSettings = {
				ASSETCATALOG_COMPILER_APPICON_NAME = AppIcon;
				ASSETCATALOG_COMPILER_LAUNCHIMAGE_NAME = LaunchImage;
				GCC_PRECOMPILE_PREFIX_HEADER = YES;
				GCC_PREFIX_HEADER = "AutoLayoutDemo/AutoLayoutDemo-Prefix.pch";
				INFOPLIST_FILE = "AutoLayoutDemo/AutoLayoutDemo-Info.plist";
				PRODUCT_NAME = "$(TARGET_NAME)";
				WRAPPER_EXTENSION = app;
			};
			name = Debug;
		};
		C0CC8BA31968323500870423 /* Release */ = {
			isa = XCBuildConfiguration;
			buildSettings = {
				ASSETCATALOG_COMPILER_APPICON_NAME = AppIcon;
				ASSETCATALOG_COMPILER_LAUNCHIMAGE_NAME = LaunchImage;
				GCC_PRECOMPILE_PREFIX_HEADER = YES;
				GCC_PREFIX_HEADER = "AutoLayoutDemo/AutoLayoutDemo-Prefix.pch";
				INFOPLIST_FILE = "AutoLayoutDemo/AutoLayoutDemo-Info.plist";
				PRODUCT_NAME = "$(TARGET_NAME)";
				WRAPPER_EXTENSION = app;
			};
			name = Release;
		};
		C0CC8BA51968323500870423 /* Debug */ = {
			isa = XCBuildConfiguration;
			buildSettings = {
				BUNDLE_LOADER = "$(BUILT_PRODUCTS_DIR)/AutoLayoutDemo.app/AutoLayoutDemo";
				FRAMEWORK_SEARCH_PATHS = (
					"$(SDKROOT)/Developer/Library/Frameworks",
					"$(inherited)",
					"$(DEVELOPER_FRAMEWORKS_DIR)",
				);
				GCC_PRECOMPILE_PREFIX_HEADER = YES;
				GCC_PREFIX_HEADER = "AutoLayoutDemo/AutoLayoutDemo-Prefix.pch";
				GCC_PREPROCESSOR_DEFINITIONS = (
					"DEBUG=1",
					"$(inherited)",
				);
				INFOPLIST_FILE = "AutoLayoutDemoTests/AutoLayoutDemoTests-Info.plist";
				PRODUCT_NAME = "$(TARGET_NAME)";
				TEST_HOST = "$(BUNDLE_LOADER)";
				WRAPPER_EXTENSION = xctest;
			};
			name = Debug;
		};
		C0CC8BA61968323500870423 /* Release */ = {
			isa = XCBuildConfiguration;
			buildSettings = {
				BUNDLE_LOADER = "$(BUILT_PRODUCTS_DIR)/AutoLayoutDemo.app/AutoLayoutDemo";
				FRAMEWORK_SEARCH_PATHS = (
					"$(SDKROOT)/Developer/Library/Frameworks",
					"$(inherited)",
					"$(DEVELOPER_FRAMEWORKS_DIR)",
				);
				GCC_PRECOMPILE_PREFIX_HEADER = YES;
				GCC_PREFIX_HEADER = "AutoLayoutDemo/AutoLayoutDemo-Prefix.pch";
				INFOPLIST_FILE = "AutoLayoutDemoTests/AutoLayoutDemoTests-Info.plist";
				PRODUCT_NAME = "$(TARGET_NAME)";
				TEST_HOST = "$(BUNDLE_LOADER)";
				WRAPPER_EXTENSION = xctest;
			};
			name = Release;
		};
/* End XCBuildConfiguration section */

/* Begin XCConfigurationList section */
		C0CC8B701968323500870423 /* Build configuration list for PBXProject "AutoLayoutDemo" */ = {
			isa = XCConfigurationList;
			buildConfigurations = (
				C0CC8B9F1968323500870423 /* Debug */,
				C0CC8BA01968323500870423 /* Release */,
			);
			defaultConfigurationIsVisible = 0;
			defaultConfigurationName = Release;
		};
		C0CC8BA11968323500870423 /* Build configuration list for PBXNativeTarget "AutoLayoutDemo" */ = {
			isa = XCConfigurationList;
			buildConfigurations = (
				C0CC8BA21968323500870423 /* Debug */,
				C0CC8BA31968323500870423 /* Release */,
			);
			defaultConfigurationIsVisible = 0;
		};
		C0CC8BA41968323500870423 /* Build configuration list for PBXNativeTarget "AutoLayoutDemoTests" */ = {
			isa = XCConfigurationList;
			buildConfigurations = (
				C0CC8BA51968323500870423 /* Debug */,
				C0CC8BA61968323500870423 /* Release */,
			);
			defaultConfigurationIsVisible = 0;
		};
/* End XCConfigurationList section */
	};
	rootObject = C0CC8B6D1968323500870423 /* Project object */;
}
